Microsoft Visual Studio Solution File, Format Version 12.00
# Visual Studio Version 16
VisualStudioVersion = 16.0.31005.135
MinimumVisualStudioVersion = 10.0.40219.1
Project("{9A19103F-16F7-4668-BE54-9A1E7A4F7556}") = "ProductApi", "ProductApi\ProductApi.csproj", "{1AB07F84-B486-4705-9F0B-425D2EE530E8}"
EndProject
Project("{9A19103F-16F7-4668-BE54-9A1E7A4F7556}") = "OrderApi", "OrderApi\OrderApi.csproj", "{559DB926-84A6-4388-A849-138C85B00412}"
EndProject
Project("{FAE04EC0-301F-11D3-BF4B-00C04F79EFBC}") = "Domain.Model", "Domane.Model\Domain.Model.csproj", "{B5DC224E-1DEC-4523-9394-CD237A17CDCC}"
EndProject
Project("{2150E333-8FDC-42A3-9474-1A3956D46DE8}") = "Platform", "Platform", "{DDCF8159-3E3C-48E1-AC61-958112792087}"
EndProject
Project("{2150E333-8FDC-42A3-9474-1A3956D46DE8}") = "API Gateways", "API Gateways", "{62FF5565-C4D7-495C-AD3A-7878DCF3C221}"
EndProject
Project("{2150E333-8FDC-42A3-9474-1A3956D46DE8}") = "Micro Services", "Micro Services", "{0E728486-1892-4650-899A-247B646425CE}"
EndProject
Project("{FAE04EC0-301F-11D3-BF4B-00C04F79EFBC}") = "Domain.Storage", "DbContext\Domain.Storage.csproj", "{8DDCF150-957C-4A6C-94BD-620F850DB27F}"
EndProject
Project("{FAE04EC0-301F-11D3-BF4B-00C04F79EFBC}") = "Micro.ProductBLService", "Micro.ProductBLService\Micro.ProductBLService.csproj", "{6275729E-9667-4D19-AAA7-C51EE10686D9}"
EndProject
Project("{FAE04EC0-301F-11D3-BF4B-00C04F79EFBC}") = "Micro.ProductDAOService", "Micro.ProductDAOService\Micro.ProductDAOService.csproj", "{B68BF55A-371C-474E-AAAF-D2411FDB8480}"
EndProject
Project("{FAE04EC0-301F-11D3-BF4B-00C04F79EFBC}") = "Micro.CustomerBLService", "Micro.CustomerBLService\Micro.CustomerBLService.csproj", "{61D199FB-76F8-4584-B003-4D01A0202570}"
EndProject
Project("{FAE04EC0-301F-11D3-BF4B-00C04F79EFBC}") = "Micro.CustomerDAOService", "Micro.CustomerDAOService\Micro.CustomerDAOService.csproj", "{69E9B0CD-3E8D-4211-B1D1-5AEFBD8E57FF}"
EndProject
Project("{FAE04EC0-301F-11D3-BF4B-00C04F79EFBC}") = "Micro.OrderBLService", "Micro.OrderBLService\Micro.OrderBLService.csproj", "{2E502968-1DB8-4F0D-B554-B4CEEF8757FF}"
EndProject
Project("{FAE04EC0-301F-11D3-BF4B-00C04F79EFBC}") = "Micro.OrderDAOService", "Micro.OrderDAOService\Micro.OrderDAOService.csproj", "{8ED2D1E7-6F38-4DF8-8342-E0C58E5B093F}"
EndProject
Project("{FAE04EC0-301F-11D3-BF4B-00C04F79EFBC}") = "CustomerApi", "CustomerAPI\CustomerApi.csproj", "{5FC20B16-9A29-480B-A44A-38BC7F04A525}"
EndProject
Global
	GlobalSection(SolutionConfigurationPlatforms) = preSolution
		Debug|Any CPU = Debug|Any CPU
		Release|Any CPU = Release|Any CPU
	EndGlobalSection
	GlobalSection(ProjectConfigurationPlatforms) = postSolution
		{1AB07F84-B486-4705-9F0B-425D2EE530E8}.Debug|Any CPU.ActiveCfg = Debug|Any CPU
		{1AB07F84-B486-4705-9F0B-425D2EE530E8}.Debug|Any CPU.Build.0 = Debug|Any CPU
		{1AB07F84-B486-4705-9F0B-425D2EE530E8}.Release|Any CPU.ActiveCfg = Release|Any CPU
		{1AB07F84-B486-4705-9F0B-425D2EE530E8}.Release|Any CPU.Build.0 = Release|Any CPU
		{559DB926-84A6-4388-A849-138C85B00412}.Debug|Any CPU.ActiveCfg = Debug|Any CPU
		{559DB926-84A6-4388-A849-138C85B00412}.Debug|Any CPU.Build.0 = Debug|Any CPU
		{559DB926-84A6-4388-A849-138C85B00412}.Release|Any CPU.ActiveCfg = Release|Any CPU
		{559DB926-84A6-4388-A849-138C85B00412}.Release|Any CPU.Build.0 = Release|Any CPU
		{B5DC224E-1DEC-4523-9394-CD237A17CDCC}.Debug|Any CPU.ActiveCfg = Debug|Any CPU
		{B5DC224E-1DEC-4523-9394-CD237A17CDCC}.Debug|Any CPU.Build.0 = Debug|Any CPU
		{B5DC224E-1DEC-4523-9394-CD237A17CDCC}.Release|Any CPU.ActiveCfg = Release|Any CPU
		{B5DC224E-1DEC-4523-9394-CD237A17CDCC}.Release|Any CPU.Build.0 = Release|Any CPU
		{8DDCF150-957C-4A6C-94BD-620F850DB27F}.Debug|Any CPU.ActiveCfg = Debug|Any CPU
		{8DDCF150-957C-4A6C-94BD-620F850DB27F}.Debug|Any CPU.Build.0 = Debug|Any CPU
		{8DDCF150-957C-4A6C-94BD-620F850DB27F}.Release|Any CPU.ActiveCfg = Release|Any CPU
		{8DDCF150-957C-4A6C-94BD-620F850DB27F}.Release|Any CPU.Build.0 = Release|Any CPU
		{6275729E-9667-4D19-AAA7-C51EE10686D9}.Debug|Any CPU.ActiveCfg = Debug|Any CPU
		{6275729E-9667-4D19-AAA7-C51EE10686D9}.Debug|Any CPU.Build.0 = Debug|Any CPU
		{6275729E-9667-4D19-AAA7-C51EE10686D9}.Release|Any CPU.ActiveCfg = Release|Any CPU
		{6275729E-9667-4D19-AAA7-C51EE10686D9}.Release|Any CPU.Build.0 = Release|Any CPU
		{B68BF55A-371C-474E-AAAF-D2411FDB8480}.Debug|Any CPU.ActiveCfg = Debug|Any CPU
		{B68BF55A-371C-474E-AAAF-D2411FDB8480}.Debug|Any CPU.Build.0 = Debug|Any CPU
		{B68BF55A-371C-474E-AAAF-D2411FDB8480}.Release|Any CPU.ActiveCfg = Release|Any CPU
		{B68BF55A-371C-474E-AAAF-D2411FDB8480}.Release|Any CPU.Build.0 = Release|Any CPU
		{61D199FB-76F8-4584-B003-4D01A0202570}.Debug|Any CPU.ActiveCfg = Debug|Any CPU
		{61D199FB-76F8-4584-B003-4D01A0202570}.Debug|Any CPU.Build.0 = Debug|Any CPU
		{61D199FB-76F8-4584-B003-4D01A0202570}.Release|Any CPU.ActiveCfg = Release|Any CPU
		{61D199FB-76F8-4584-B003-4D01A0202570}.Release|Any CPU.Build.0 = Release|Any CPU
		{69E9B0CD-3E8D-4211-B1D1-5AEFBD8E57FF}.Debug|Any CPU.ActiveCfg = Debug|Any CPU
		{69E9B0CD-3E8D-4211-B1D1-5AEFBD8E57FF}.Debug|Any CPU.Build.0 = Debug|Any CPU
		{69E9B0CD-3E8D-4211-B1D1-5AEFBD8E57FF}.Release|Any CPU.ActiveCfg = Release|Any CPU
		{69E9B0CD-3E8D-4211-B1D1-5AEFBD8E57FF}.Release|Any CPU.Build.0 = Release|Any CPU
		{2E502968-1DB8-4F0D-B554-B4CEEF8757FF}.Debug|Any CPU.ActiveCfg = Debug|Any CPU
		{2E502968-1DB8-4F0D-B554-B4CEEF8757FF}.Debug|Any CPU.Build.0 = Debug|Any CPU
		{2E502968-1DB8-4F0D-B554-B4CEEF8757FF}.Release|Any CPU.ActiveCfg = Release|Any CPU
		{2E502968-1DB8-4F0D-B554-B4CEEF8757FF}.Release|Any CPU.Build.0 = Release|Any CPU
		{8ED2D1E7-6F38-4DF8-8342-E0C58E5B093F}.Debug|Any CPU.ActiveCfg = Debug|Any CPU
		{8ED2D1E7-6F38-4DF8-8342-E0C58E5B093F}.Debug|Any CPU.Build.0 = Debug|Any CPU
		{8ED2D1E7-6F38-4DF8-8342-E0C58E5B093F}.Release|Any CPU.ActiveCfg = Release|Any CPU
		{8ED2D1E7-6F38-4DF8-8342-E0C58E5B093F}.Release|Any CPU.Build.0 = Release|Any CPU
		{5FC20B16-9A29-480B-A44A-38BC7F04A525}.Debug|Any CPU.ActiveCfg = Debug|Any CPU
		{5FC20B16-9A29-480B-A44A-38BC7F04A525}.Debug|Any CPU.Build.0 = Debug|Any CPU
		{5FC20B16-9A29-480B-A44A-38BC7F04A525}.Release|Any CPU.ActiveCfg = Release|Any CPU
		{5FC20B16-9A29-480B-A44A-38BC7F04A525}.Release|Any CPU.Build.0 = Release|Any CPU
	EndGlobalSection
	GlobalSection(SolutionProperties) = preSolution
		HideSolutionNode = FALSE
	EndGlobalSection
	GlobalSection(NestedProjects) = preSolution
		{1AB07F84-B486-4705-9F0B-425D2EE530E8} = {62FF5565-C4D7-495C-AD3A-7878DCF3C221}
		{559DB926-84A6-4388-A849-138C85B00412} = {62FF5565-C4D7-495C-AD3A-7878DCF3C221}
		{B5DC224E-1DEC-4523-9394-CD237A17CDCC} = {DDCF8159-3E3C-48E1-AC61-958112792087}
		{8DDCF150-957C-4A6C-94BD-620F850DB27F} = {DDCF8159-3E3C-48E1-AC61-958112792087}
		{6275729E-9667-4D19-AAA7-C51EE10686D9} = {0E728486-1892-4650-899A-247B646425CE}
		{B68BF55A-371C-474E-AAAF-D2411FDB8480} = {0E728486-1892-4650-899A-247B646425CE}
		{61D199FB-76F8-4584-B003-4D01A0202570} = {0E728486-1892-4650-899A-247B646425CE}
		{69E9B0CD-3E8D-4211-B1D1-5AEFBD8E57FF} = {0E728486-1892-4650-899A-247B646425CE}
		{2E502968-1DB8-4F0D-B554-B4CEEF8757FF} = {0E728486-1892-4650-899A-247B646425CE}
		{8ED2D1E7-6F38-4DF8-8342-E0C58E5B093F} = {0E728486-1892-4650-899A-247B646425CE}
		{5FC20B16-9A29-480B-A44A-38BC7F04A525} = {62FF5565-C4D7-495C-AD3A-7878DCF3C221}
	EndGlobalSection
	GlobalSection(ExtensibilityGlobals) = postSolution
		SolutionGuid = {D42AA7FB-CFF4-4905-BE76-2DBE405D937A}
	EndGlobalSection
EndGlobal
